
Microsoft Visual Studio Solution File, Format Version 12.00
# Visual Studio Version 16
VisualStudioVersion = 16.0.30523.141
MinimumVisualStudioVersion = 10.0.40219.1
Project("{FAE04EC0-301F-11D3-BF4B-00C04F79EFBC}") = "C-sharp-Forum0", "C-sharp-Forum0\C-sharp-Forum0.csproj", "{9C60D780-DD8E-4D16-8F16-C21DF5054E9C}"
EndProject
Global
	GlobalSection(SolutionConfigurationPlatforms) = preSolution
		Debug|Any CPU = Debug|Any CPU
		Release|Any CPU = Release|Any CPU
	EndGlobalSection
	GlobalSection(ProjectConfigurationPlatforms) = postSolution
		{9C60D780-DD8E-4D16-8F16-C21DF5054E9C}.Debug|Any CPU.ActiveCfg = Debug|Any CPU
		{9C60D780-DD8E-4D16-8F16-C21DF5054E9C}.Debug|Any CPU.Build.0 = Debug|Any CPU
		{9C60D780-DD8E-4D16-8F16-C21DF5054E9C}.Release|Any CPU.ActiveCfg = Release|Any CPU
		{9C60D780-DD8E-4D16-8F16-C21DF5054E9C}.Release|Any CPU.Build.0 = Release|Any CPU
	EndGlobalSection
	GlobalSection(SolutionProperties) = preSolution
		HideSolutionNode = FALSE
	EndGlobalSection
	GlobalSection(ExtensibilityGlobals) = postSolution
		SolutionGuid = {AA64A7A0-86D0-425A-962D-381CAFFCA41D}
	EndGlobalSection
EndGlobal
